github.com/Binject/debug v0.0.0-20230508195519-26db73212a7a h1:4c0nc0krv8eh7gD809n+swLaCuFyHpxdrxwx0ZmHvBw=
github.com/Binject/debug v0.0.0-20230508195519-26db73212a7a/go.mod h1:QzgxDLY/qdKlvnbnb65eqTedhvQPbaSP2NqIbcuKvsQ=
github.com/Kraken-OffSec/Scurvy v0.0.0-20251010174510-8091571ab864 h1:zYVI4GRNB7wjLtorhpnPLP8v8w5T3axCpCtNDKI2LOs=
github.com/Kraken-OffSec/Scurvy v0.0.0-20251010174510-8091571ab864/go.mod h1:hljxQLLV5S60GVVG51+u3r1agCjZ45x8jd2WiJxy0wQ=
github.com/Kraken-OffSec/Scurvy v0.0.0-20251010183749-8ab59cb85591 h1:APveZhhJVm6tFcpldhMLxln4JR1V3Aw1xegt0SKGybg=
github.com/Kraken-OffSec/Scurvy v0.0.0-20251010183749-8ab59cb85591/go.mod h1:hljxQLLV5S60GVVG51+u3r1agCjZ45x8jd2WiJxy0wQ=
github.com/Kraken-OffSec/Scurvy v0.0.0-20251010184333-fb8a7710cf48 h1:nyCMY/8w7IsmduLZspdBuCmWutMUY6lzn5DCKVmQGt0=
github.com/Kraken-OffSec/Scurvy v0.0.0-20251010184333-fb8a7710cf48/go.mod h1:hljxQLLV5S60GVVG51+u3r1agCjZ45x8jd2WiJxy0wQ=
github.com/Kraken-OffSec/Scurvy v0.0.0-20251010184534-de2a2a349253 h1:ZfFDU6Kp9mFlEb0OZniWQR1E3w3Okr9gK2HlRb9lN6E=
github.com/Kraken-OffSec/Scurvy v0.0.0-20251010184534-de2a2a349253/go.mod h1:hljxQLLV5S60GVVG51+u3r1agCjZ45x8jd2WiJxy0wQ=
github.com/Kraken-OffSec/Scurvy v0.0.0-20251010185212-88db5cc88bc0 h1:g01ZBGUyvJXSWvxs7SVPTtqv3ruhbFsgsRGxCM2yYoY=
github.com/Kraken-OffSec/Scurvy v0.0.0-20251010185212-88db5cc88bc0/go.mod h1:hljxQLLV5S60GVVG51+u3r1agCjZ45x8jd2WiJxy0wQ=
github.com/Kraken-OffSec/Scurvy v0.0.0-20251010190109-3a4c7586120a h1:Z4cjdwk5DupnEg/F2dv4DPutwSEmDq7WWe565FjZrtQ=
github.com/Kraken-OffSec/Scurvy v0.0.0-20251010190109-3a4c7586120a/go.mod h1:hljxQLLV5S60GVVG51+u3r1agCjZ45x8jd2WiJxy0wQ=
github.com/Kraken-OffSec/Scurvy v0.0.0-20251010190312-0ad88c5f3f2f h1:XJ9IudxrEjAhodOLCTaWCIxWdj0fIa+JOdzfd1nST9k=
github.com/Kraken-OffSec/Scurvy v0.0.0-20251010190312-0ad88c5f3f2f/go.mod h1:hljxQLLV5S60GVVG51+u3r1agCjZ45x8jd2WiJxy0wQ=
github.com/Kraken-OffSec/Scurvy v0.0.0-20251010192328-967933276439 h1:n/B4+1K6vpKX34iISUKHzEKEND53PmxePHrtsy693Jo=
github.com/Kraken-OffSec/Scurvy v0.0.0-20251010192328-967933276439/go.mod h1:hljxQLLV5S60GVVG51+u3r1agCjZ45x8jd2WiJxy0wQ=
github.com/alwindoss/morse v1.0.1 h1:PkUh5m1UHMcZ1Upvl7CmSIBMxdEBejWoQ4rQQtgJsCQ=
github.com/alwindoss/morse v1.0.1/go.mod h1:qAqJOep3jEpIpiLgqSGgLk5Zh4BZKsyzMQHuAwVPMXc=
github.com/awgh/rawreader v0.0.0-20200626064944-56820a9c6da4 h1:cIAK2NNf2yafdgpFRNJrgZMwvy61BEVpGoHc2n4/yWs=
github.com/awgh/rawreader v0.0.0-20200626064944-56820a9c6da4/go.mod h1:SalMPBCab3yuID8nIhLfzwoBV+lBRyaC7NhuN8qL8xE=
github.com/cakturk/go-netstat v0.0.0-20200220111822-e5b49efee7a5 h1:BjkPE3785EwPhhyuFkbINB+2a1xATwk8SNDWnJiD41g=
github.com/cakturk/go-netstat v0.0.0-20200220111822-e5b49efee7a5/go.mod h1:jtAfVaU/2cu1+wdSRPWE2c1N2qeAA3K4RH9pYgqwets=
github.com/cpuguy83/go-md2man/v2 v2.0.6/go.mod h1:oOW0eioCTA6cOiMLiUPZOpcVxMig6NIQQ7OS05n1F4g=
github.com/decred/dcrd/dcrec/secp256k1/v4 v4.3.0 h1:rpfIENRNNilwHwZeG5+P150SMrnNEcHYvcCuK6dPZSg=
github.com/decred/dcrd/dcrec/secp256k1/v4 v4.3.0/go.mod h1:v57UDF4pDQJcEfFUCRop3lJL149eHGSe9Jvczhzjo/0=
github.com/ecies/go/v2 v2.0.10 h1:AaLxGio0MLLbvWur4rKnLzw+K9zI+wMScIDAtqCqOtU=
github.com/ecies/go/v2 v2.0.10/go.mod h1:N73OyuR6tuKznit2LhXjrZ0XAQ234uKbzYz8pEPYzlI=
github.com/elastic/go-sysinfo v1.15.1 h1:zBmTnFEXxIQ3iwcQuk7MzaUotmKRp3OabbbWM8TdzIQ=
github.com/elastic/go-sysinfo v1.15.1/go.mod h1:jPSuTgXG+dhhh0GKIyI2Cso+w5lPJ5PvVqKlL8LV/Hk=
github.com/elastic/go-windows v1.0.2 h1:yoLLsAsV5cfg9FLhZ9EXZ2n2sQFKeDYrHenkcivY4vI=
github.com/elastic/go-windows v1.0.2/go.mod h1:bGcDpBzXgYSqM0Gx3DM4+UxFj300SZLixie9u9ixLM8=
github.com/ethereum/go-ethereum v1.14.12 h1:8hl57x77HSUo+cXExrURjU/w1VhL+ShCTJrTwcCQSe4=
github.com/ethereum/go-ethereum v1.14.12/go.mod h1:RAC2gVMWJ6FkxSPESfbshrcKpIokgQKsVKmAuqdekDY=
github.com/go-ole/go-ole v1.3.0 h1:Dt6ye7+vXGIKZ7Xtk4s6/xVdGDQynvom7xCFEdWr6uE=
github.com/go-ole/go-ole v1.3.0/go.mod h1:5LS6F96DhAwUc7C+1HLexzMXY1xGRSryjyPPKW6zv78=
github.com/inconshreveable/mousetrap v1.1.0 h1:wN+x4NVGpMsO7ErUn/mUI3vEoE6Jt13X2s0bqwp9tc8=
github.com/inconshreveable/mousetrap v1.1.0/go.mod h1:vpF70FUmC8bwa3OWnCshd2FqLfsEA9PFc4w1p2J65bw=
github.com/jessevdk/go-flags v1.4.0/go.mod h1:4FA24M0QyGHXBuZZK/XkWh8h0e1EYbRYJSGM75WSRxI=
github.com/prometheus/procfs v0.15.1 h1:YagwOFzUgYfKKHX6Dr+sHT7km/hxC76UB0learggepc=
github.com/prometheus/procfs v0.15.1/go.mod h1:fB45yRUv8NstnjriLhBQLuOUt+WW4BsoGhij/e3PBqk=
github.com/russross/blackfriday/v2 v2.1.0/go.mod h1:+Rmxgy9KzJVeS9/2gXHxylqXiyQDYRxCVz55jmeOWTM=
github.com/ryanuber/columnize v2.1.2+incompatible h1:C89EOx/XBWwIXl8wm8OPJBd7kPF25UfsK2X7Ph/zCAk=
github.com/ryanuber/columnize v2.1.2+incompatible/go.mod h1:sm1tb6uqfes/u+d4ooFouqFdy9/2g9QGwK3SQygK0Ts=
github.com/spf13/cobra v1.10.1 h1:lJeBwCfmrnXthfAupyUTzJ/J4Nc1RsHC/mSRU2dll/s=
github.com/spf13/cobra v1.10.1/go.mod h1:7SmJGaTHFVBY0jW4NXGluQoLvhqFQM+6XSKD+P4XaB0=
github.com/spf13/pflag v1.0.9 h1:9exaQaMOCwffKiiiYk6/BndUBv+iRViNW+4lEMi0PvY=
github.com/spf13/pflag v1.0.9/go.mod h1:McXfInJRrz4CZXVZOBLb0bTZqETkiAhM9Iw0y3An2Bg=
golang.org/x/crypto v0.31.0 h1:ihbySMvVjLAeSH1IbfcRTkD/iNscyz8rGzjF/E5hV6U=
golang.org/x/crypto v0.31.0/go.mod h1:kDsLvtWBEx7MV9tJOj9bnXsPbxwJQ6csT/x4KIN4Ssk=
golang.org/x/sys v0.1.0/go.mod h1:oPkhp1MJrh7nUepCBck5+mAzfO9JrbApNNgaTdGDITg=
golang.org/x/sys v0.29.0 h1:TPYlXGxvx1MGTn2GiZDhnjPA9wZzZeGKHHmKhHYvgaU=
golang.org/x/sys v0.29.0/go.mod h1:/VUhepiaJMQUp4+oa/7Zr1D23ma6VTLIYjOOTFZPUcA=
golang.org/x/text v0.21.0 h1:zyQAAkrwaneQ066sspRyJaG9VNi/YJ1NfzcGB3hZ/qo=
golang.org/x/text v0.21.0/go.mod h1:4IBbMaMmOPCJ8SecivzSH54+73PCFmPWxNTLm+vZkEQ=
golang.org/x/xerrors v0.0.0-20200804184101-5ec99f83aff1 h1:go1bK/D/BFZV2I8cIQd1NKEZ+0owSTG1fDTci4IqFcE=
golang.org/x/xerrors v0.0.0-20200804184101-5ec99f83aff1/go.mod h1:I/5z698sn9Ka8TeJc9MKroUUfqBBauWjQqLJ2OPfmY0=
gopkg.in/check.v1 v0.0.0-20161208181325-20d25e280405/go.mod h1:Co6ibVJAznAaIkqp8huTwlJQCZ016jof/cbN4VW5Yz0=
gopkg.in/yaml.v1 v1.0.0-20140924161607-9f9df34309c0/go.mod h1:WDnlLJ4WF5VGsH/HVa3CI79GS0ol3YnhVnKP89i0kNg=
gopkg.in/yaml.v3 v3.0.1/go.mod h1:K4uyk7z7BCEPqu6E+C64Yfv1cQ7kz7rIZviUmN+EgEM=
howett.net/plist v1.0.1 h1:37GdZ8tP09Q35o9ych3ehygcsL+HqKSwzctveSlarvM=
howett.net/plist v1.0.1/go.mod h1:lqaXoTrLY4hg8tnEzNru53gicrbv7rrk+2xJA/7hw9g=
